// !$*UTF8*$!
{
	archiveVersion = 1;
	classes = {
	};
	objectVersion = 55;
	objects = {

/* Begin PBXBuildFile section */
		50019D0A2850B8AE00DBB890 /* UnreadBookCell.xib in Resources */ = {isa = PBXBuildFile; fileRef = 50019D092850B8AE00DBB890 /* UnreadBookCell.xib */; };
		50019D0C2850B94600DBB890 /* UnreadBookCell.swift in Sources */ = {isa = PBXBuildFile; fileRef = 50019D0B2850B94600DBB890 /* UnreadBookCell.swift */; };
		5016B0F6286C2B2F00C82351 /* CharacterCell.swift in Sources */ = {isa = PBXBuildFile; fileRef = 5016B0F5286C2B2F00C82351 /* CharacterCell.swift */; };
		501F8BAE2844601800870C29 /* AppDelegate.swift in Sources */ = {isa = PBXBuildFile; fileRef = 501F8BAD2844601800870C29 /* AppDelegate.swift */; };
		501F8BB02844601800870C29 /* SceneDelegate.swift in Sources */ = {isa = PBXBuildFile; fileRef = 501F8BAF2844601800870C29 /* SceneDelegate.swift */; };
		501F8BB52844601800870C29 /* Main.storyboard in Resources */ = {isa = PBXBuildFile; fileRef = 501F8BB32844601800870C29 /* Main.storyboard */; };
		501F8BB72844601800870C29 /* Assets.xcassets in Resources */ = {isa = PBXBuildFile; fileRef = 501F8BB62844601800870C29 /* Assets.xcassets */; };
		501F8BBA2844601800870C29 /* LaunchScreen.storyboard in Resources */ = {isa = PBXBuildFile; fileRef = 501F8BB82844601800870C29 /* LaunchScreen.storyboard */; };
		501F8BC6284461E000870C29 /* CharacterVC.swift in Sources */ = {isa = PBXBuildFile; fileRef = 501F8BC1284461DF00870C29 /* CharacterVC.swift */; };
		501F8BC7284461E000870C29 /* LibraryVC.swift in Sources */ = {isa = PBXBuildFile; fileRef = 501F8BC2284461DF00870C29 /* LibraryVC.swift */; };
		501F8BC8284461E000870C29 /* ProfileVC.swift in Sources */ = {isa = PBXBuildFile; fileRef = 501F8BC3284461E000870C29 /* ProfileVC.swift */; };
		501F8BC9284461E000870C29 /* HomeVC.swift in Sources */ = {isa = PBXBuildFile; fileRef = 501F8BC4284461E000870C29 /* HomeVC.swift */; };
		501F8BCA284461E000870C29 /* RecordVC.swift in Sources */ = {isa = PBXBuildFile; fileRef = 501F8BC5284461E000870C29 /* RecordVC.swift */; };
		50221B582847482B00C4D438 /* ListCollectionCell.swift in Sources */ = {isa = PBXBuildFile; fileRef = 50221B572847482B00C4D438 /* ListCollectionCell.swift */; };
		50221B5A284749D300C4D438 /* ListCollectionVC.swift in Sources */ = {isa = PBXBuildFile; fileRef = 50221B59284749D300C4D438 /* ListCollectionVC.swift */; };
		5022A55728BC8E030008EEC9 /* BookDetailVC.swift in Sources */ = {isa = PBXBuildFile; fileRef = 5022A55628BC8E030008EEC9 /* BookDetailVC.swift */; };
		5028D2D328630926005A76A4 /* BookModel.swift in Sources */ = {isa = PBXBuildFile; fileRef = 5028D2D228630926005A76A4 /* BookModel.swift */; };
		5028D2D528631577005A76A4 /* ReadingBookCell.swift in Sources */ = {isa = PBXBuildFile; fileRef = 5028D2D428631577005A76A4 /* ReadingBookCell.swift */; };
		5028D2D728631F51005A76A4 /* ProfileCell.swift in Sources */ = {isa = PBXBuildFile; fileRef = 5028D2D628631F51005A76A4 /* ProfileCell.swift */; };
		5028D2D9286320CA005A76A4 /* ProfileModel.swift in Sources */ = {isa = PBXBuildFile; fileRef = 5028D2D8286320CA005A76A4 /* ProfileModel.swift */; };
		5028D2DC28632582005A76A4 /* NetManager.swift in Sources */ = {isa = PBXBuildFile; fileRef = 5028D2DB28632582005A76A4 /* NetManager.swift */; };
		5028D2DE28633007005A76A4 /* ModelSearchBook.swift in Sources */ = {isa = PBXBuildFile; fileRef = 5028D2DD28633007005A76A4 /* ModelSearchBook.swift */; };
		5030F5492899FEBB00F1899D /* FontTableCell.swift in Sources */ = {isa = PBXBuildFile; fileRef = 5030F5482899FEBB00F1899D /* FontTableCell.swift */; };
		5030F54D289A2A3500F1899D /* ReadingRecordPopUpVC.swift in Sources */ = {isa = PBXBuildFile; fileRef = 5030F54C289A2A3500F1899D /* ReadingRecordPopUpVC.swift */; };
		5030F54F289A325100F1899D /* ReadingRecordCell.swift in Sources */ = {isa = PBXBuildFile; fileRef = 5030F54E289A325100F1899D /* ReadingRecordCell.swift */; };
		5030F551289A3E8E00F1899D /* LookNotionVC.swift in Sources */ = {isa = PBXBuildFile; fileRef = 5030F550289A3E8E00F1899D /* LookNotionVC.swift */; };
		5030F555289A430700F1899D /* DevIntroductionVC.swift in Sources */ = {isa = PBXBuildFile; fileRef = 5030F554289A430700F1899D /* DevIntroductionVC.swift */; };
		503AA493284FB09300DB180D /* ReadBookCell.swift in Sources */ = {isa = PBXBuildFile; fileRef = 503AA492284FB09300DB180D /* ReadBookCell.swift */; };
		505E6BD728BF78FD003AE2BE /* StackListVC.swift in Sources */ = {isa = PBXBuildFile; fileRef = 505E6BD628BF78FD003AE2BE /* StackListVC.swift */; };
		505E6BD928BF7B0C003AE2BE /* StackListCell.swift in Sources */ = {isa = PBXBuildFile; fileRef = 505E6BD828BF7B0C003AE2BE /* StackListCell.swift */; };
		50757B1628E44C8100BE0249 /* ThemeModel.swift in Sources */ = {isa = PBXBuildFile; fileRef = 50757B1528E44C8100BE0249 /* ThemeModel.swift */; };
		509D2851287DEDB600FB6B2F /* WannaReadBookCell.swift in Sources */ = {isa = PBXBuildFile; fileRef = 509D2850287DEDB600FB6B2F /* WannaReadBookCell.swift */; };
		509D2853287ED70C00FB6B2F /* ApiConst.swift in Sources */ = {isa = PBXBuildFile; fileRef = 509D2852287ED70C00FB6B2F /* ApiConst.swift */; };
		509D2855287EDEC800FB6B2F /* LibraryBaseCell.swift in Sources */ = {isa = PBXBuildFile; fileRef = 509D2854287EDEC800FB6B2F /* LibraryBaseCell.swift */; };
		509D2857287EE4E900FB6B2F /* APIManager.swift in Sources */ = {isa = PBXBuildFile; fileRef = 509D2856287EE4E900FB6B2F /* APIManager.swift */; };
		50E017C22890483F0044AEFF /* ProfileEditVC.swift in Sources */ = {isa = PBXBuildFile; fileRef = 50E017C12890483F0044AEFF /* ProfileEditVC.swift */; };
		50E017C428904C070044AEFF /* ProfileEditCell.swift in Sources */ = {isa = PBXBuildFile; fileRef = 50E017C328904C070044AEFF /* ProfileEditCell.swift */; };
		50E017C628905E030044AEFF /* ProfileImgPopUpVC.swift in Sources */ = {isa = PBXBuildFile; fileRef = 50E017C528905E030044AEFF /* ProfileImgPopUpVC.swift */; };
		50E017C8289063CE0044AEFF /* NicknamePopUpVC.swift in Sources */ = {isa = PBXBuildFile; fileRef = 50E017C7289063CE0044AEFF /* NicknamePopUpVC.swift */; };
		50E017CA28906B0A0044AEFF /* DeleteAccountPopUpVC.swift in Sources */ = {isa = PBXBuildFile; fileRef = 50E017C928906B0A0044AEFF /* DeleteAccountPopUpVC.swift */; };
		50E017CC28906CD30044AEFF /* LogoutPopUpVC.swift in Sources */ = {isa = PBXBuildFile; fileRef = 50E017CB28906CD20044AEFF /* LogoutPopUpVC.swift */; };
		50E017CE2890C4710044AEFF /* ColorFontSetVC.swift in Sources */ = {isa = PBXBuildFile; fileRef = 50E017CD2890C4710044AEFF /* ColorFontSetVC.swift */; };
		50E017D02890C52B0044AEFF /* ColorTableCell.swift in Sources */ = {isa = PBXBuildFile; fileRef = 50E017CF2890C52B0044AEFF /* ColorTableCell.swift */; };
		9B7A9FF63DF949F8AFD8F09E /* Pods_Bookjeok.framework in Frameworks */ = {isa = PBXBuildFile; fileRef = 9E9D175A6F873AA8E0BEE894 /* Pods_Bookjeok.framework */; };
/* End PBXBuildFile section */

/* Begin PBXFileReference section */
		14D248F4105B092C91604013 /* Pods-Bookjeok.debug.xcconfig */ = {isa = PBXFileReference; includeInIndex = 1; lastKnownFileType = text.xcconfig; name = "Pods-Bookjeok.debug.xcconfig"; path = "Target Support Files/Pods-Bookjeok/Pods-Bookjeok.debug.xcconfig"; sourceTree = "<group>"; };
		50019D092850B8AE00DBB890 /* UnreadBookCell.xib */ = {isa = PBXFileReference; lastKnownFileType = file.xib; path = UnreadBookCell.xib; sourceTree = "<group>"; };
		50019D0B2850B94600DBB890 /* UnreadBookCell.swift */ = {isa = PBXFileReference; lastKnownFileType = sourcecode.swift; path = UnreadBookCell.swift; sourceTree = "<group>"; };
		5016B0F5286C2B2F00C82351 /* CharacterCell.swift */ = {isa = PBXFileReference; lastKnownFileType = sourcecode.swift; path = CharacterCell.swift; sourceTree = "<group>"; };
		501F8BAA2844601800870C29 /* Bookjeok.app */ = {isa = PBXFileReference; explicitFileType = wrapper.application; includeInIndex = 0; path = Bookjeok.app; sourceTree = BUILT_PRODUCTS_DIR; };
		501F8BAD2844601800870C29 /* AppDelegate.swift */ = {isa = PBXFileReference; lastKnownFileType = sourcecode.swift; path = AppDelegate.swift; sourceTree = "<group>"; };
		501F8BAF2844601800870C29 /* SceneDelegate.swift */ = {isa = PBXFileReference; lastKnownFileType = sourcecode.swift; path = SceneDelegate.swift; sourceTree = "<group>"; };
		501F8BB42844601800870C29 /* Base */ = {isa = PBXFileReference; lastKnownFileType = file.storyboard; name = Base; path = Base.lproj/Main.storyboard; sourceTree = "<group>"; };
		501F8BB62844601800870C29 /* Assets.xcassets */ = {isa = PBXFileReference; lastKnownFileType = folder.assetcatalog; path = Assets.xcassets; sourceTree = "<group>"; };
		501F8BB92844601800870C29 /* Base */ = {isa = PBXFileReference; lastKnownFileType = file.storyboard; name = Base; path = Base.lproj/LaunchScreen.storyboard; sourceTree = "<group>"; };
		501F8BBB2844601800870C29 /* Info.plist */ = {isa = PBXFileReference; lastKnownFileType = text.plist.xml; path = Info.plist; sourceTree = "<group>"; };
		501F8BC1284461DF00870C29 /* CharacterVC.swift */ = {isa = PBXFileReference; fileEncoding = 4; lastKnownFileType = sourcecode.swift; path = CharacterVC.swift; sourceTree = "<group>"; };
		501F8BC2284461DF00870C29 /* LibraryVC.swift */ = {isa = PBXFileReference; fileEncoding = 4; lastKnownFileType = sourcecode.swift; path = LibraryVC.swift; sourceTree = "<group>"; };
		501F8BC3284461E000870C29 /* ProfileVC.swift */ = {isa = PBXFileReference; fileEncoding = 4; lastKnownFileType = sourcecode.swift; path = ProfileVC.swift; sourceTree = "<group>"; };
		501F8BC4284461E000870C29 /* HomeVC.swift */ = {isa = PBXFileReference; fileEncoding = 4; lastKnownFileType = sourcecode.swift; path = HomeVC.swift; sourceTree = "<group>"; };
		501F8BC5284461E000870C29 /* RecordVC.swift */ = {isa = PBXFileReference; fileEncoding = 4; lastKnownFileType = sourcecode.swift; path = RecordVC.swift; sourceTree = "<group>"; };
		50221B572847482B00C4D438 /* ListCollectionCell.swift */ = {isa = PBXFileReference; lastKnownFileType = sourcecode.swift; path = ListCollectionCell.swift; sourceTree = "<group>"; };
		50221B59284749D300C4D438 /* ListCollectionVC.swift */ = {isa = PBXFileReference; lastKnownFileType = sourcecode.swift; path = ListCollectionVC.swift; sourceTree = "<group>"; };
		5022A55628BC8E030008EEC9 /* BookDetailVC.swift */ = {isa = PBXFileReference; lastKnownFileType = sourcecode.swift; path = BookDetailVC.swift; sourceTree = "<group>"; };
		5028D2D228630926005A76A4 /* BookModel.swift */ = {isa = PBXFileReference; lastKnownFileType = sourcecode.swift; path = BookModel.swift; sourceTree = "<group>"; };
		5028D2D428631577005A76A4 /* ReadingBookCell.swift */ = {isa = PBXFileReference; lastKnownFileType = sourcecode.swift; path = ReadingBookCell.swift; sourceTree = "<group>"; };
		5028D2D628631F51005A76A4 /* ProfileCell.swift */ = {isa = PBXFileReference; lastKnownFileType = sourcecode.swift; path = ProfileCell.swift; sourceTree = "<group>"; };
		5028D2D8286320CA005A76A4 /* ProfileModel.swift */ = {isa = PBXFileReference; lastKnownFileType = sourcecode.swift; path = ProfileModel.swift; sourceTree = "<group>"; };
		5028D2DB28632582005A76A4 /* NetManager.swift */ = {isa = PBXFileReference; lastKnownFileType = sourcecode.swift; path = NetManager.swift; sourceTree = "<group>"; };
		5028D2DD28633007005A76A4 /* ModelSearchBook.swift */ = {isa = PBXFileReference; lastKnownFileType = sourcecode.swift; path = ModelSearchBook.swift; sourceTree = "<group>"; };
		5030F5482899FEBB00F1899D /* FontTableCell.swift */ = {isa = PBXFileReference; lastKnownFileType = sourcecode.swift; path = FontTableCell.swift; sourceTree = "<group>"; };
		5030F54C289A2A3500F1899D /* ReadingRecordPopUpVC.swift */ = {isa = PBXFileReference; lastKnownFileType = sourcecode.swift; path = ReadingRecordPopUpVC.swift; sourceTree = "<group>"; };
		5030F54E289A325100F1899D /* ReadingRecordCell.swift */ = {isa = PBXFileReference; lastKnownFileType = sourcecode.swift; path = ReadingRecordCell.swift; sourceTree = "<group>"; };
		5030F550289A3E8E00F1899D /* LookNotionVC.swift */ = {isa = PBXFileReference; lastKnownFileType = sourcecode.swift; path = LookNotionVC.swift; sourceTree = "<group>"; };
		5030F554289A430700F1899D /* DevIntroductionVC.swift */ = {isa = PBXFileReference; lastKnownFileType = sourcecode.swift; path = DevIntroductionVC.swift; sourceTree = "<group>"; };
		503AA492284FB09300DB180D /* ReadBookCell.swift */ = {isa = PBXFileReference; lastKnownFileType = sourcecode.swift; path = ReadBookCell.swift; sourceTree = "<group>"; };
		505E6BD628BF78FD003AE2BE /* StackListVC.swift */ = {isa = PBXFileReference; lastKnownFileType = sourcecode.swift; path = StackListVC.swift; sourceTree = "<group>"; };
		505E6BD828BF7B0C003AE2BE /* StackListCell.swift */ = {isa = PBXFileReference; lastKnownFileType = sourcecode.swift; path = StackListCell.swift; sourceTree = "<group>"; };
		50757B1528E44C8100BE0249 /* ThemeModel.swift */ = {isa = PBXFileReference; lastKnownFileType = sourcecode.swift; path = ThemeModel.swift; sourceTree = "<group>"; };
		509D2850287DEDB600FB6B2F /* WannaReadBookCell.swift */ = {isa = PBXFileReference; lastKnownFileType = sourcecode.swift; path = WannaReadBookCell.swift; sourceTree = "<group>"; };
		509D2852287ED70C00FB6B2F /* ApiConst.swift */ = {isa = PBXFileReference; lastKnownFileType = sourcecode.swift; path = ApiConst.swift; sourceTree = "<group>"; };
		509D2854287EDEC800FB6B2F /* LibraryBaseCell.swift */ = {isa = PBXFileReference; lastKnownFileType = sourcecode.swift; path = LibraryBaseCell.swift; sourceTree = "<group>"; };
		509D2856287EE4E900FB6B2F /* APIManager.swift */ = {isa = PBXFileReference; lastKnownFileType = sourcecode.swift; path = APIManager.swift; sourceTree = "<group>"; };
		50E017C12890483F0044AEFF /* ProfileEditVC.swift */ = {isa = PBXFileReference; lastKnownFileType = sourcecode.swift; path = ProfileEditVC.swift; sourceTree = "<group>"; };
		50E017C328904C070044AEFF /* ProfileEditCell.swift */ = {isa = PBXFileReference; lastKnownFileType = sourcecode.swift; path = ProfileEditCell.swift; sourceTree = "<group>"; };
		50E017C528905E030044AEFF /* ProfileImgPopUpVC.swift */ = {isa = PBXFileReference; lastKnownFileType = sourcecode.swift; path = ProfileImgPopUpVC.swift; sourceTree = "<group>"; };
		50E017C7289063CE0044AEFF /* NicknamePopUpVC.swift */ = {isa = PBXFileReference; lastKnownFileType = sourcecode.swift; path = NicknamePopUpVC.swift; sourceTree = "<group>"; };
		50E017C928906B0A0044AEFF /* DeleteAccountPopUpVC.swift */ = {isa = PBXFileReference; lastKnownFileType = sourcecode.swift; path = DeleteAccountPopUpVC.swift; sourceTree = "<group>"; };
		50E017CB28906CD20044AEFF /* LogoutPopUpVC.swift */ = {isa = PBXFileReference; lastKnownFileType = sourcecode.swift; path = LogoutPopUpVC.swift; sourceTree = "<group>"; };
		50E017CD2890C4710044AEFF /* ColorFontSetVC.swift */ = {isa = PBXFileReference; lastKnownFileType = sourcecode.swift; path = ColorFontSetVC.swift; sourceTree = "<group>"; };
		50E017CF2890C52B0044AEFF /* ColorTableCell.swift */ = {isa = PBXFileReference; lastKnownFileType = sourcecode.swift; path = ColorTableCell.swift; sourceTree = "<group>"; };
		9E9D175A6F873AA8E0BEE894 /* Pods_Bookjeok.framework */ = {isa = PBXFileReference; explicitFileType = wrapper.framework; includeInIndex = 0; path = Pods_Bookjeok.framework; sourceTree = BUILT_PRODUCTS_DIR; };
		AB8CEA0005D80E01EDD14119 /* Pods-Bookjeok.release.xcconfig */ = {isa = PBXFileReference; includeInIndex = 1; lastKnownFileType = text.xcconfig; name = "Pods-Bookjeok.release.xcconfig"; path = "Target Support Files/Pods-Bookjeok/Pods-Bookjeok.release.xcconfig"; sourceTree = "<group>"; };
/* End PBXFileReference section */

/* Begin PBXFrameworksBuildPhase section */
		501F8BA72844601800870C29 /* Frameworks */ = {
			isa = PBXFrameworksBuildPhase;
			buildActionMask = 2147483647;
			files = (
				9B7A9FF63DF949F8AFD8F09E /* Pods_Bookjeok.framework in Frameworks */,
			);
			runOnlyForDeploymentPostprocessing = 0;
		};
/* End PBXFrameworksBuildPhase section */

/* Begin PBXGroup section */
		501F8BA12844601800870C29 = {
			isa = PBXGroup;
			children = (
				501F8BAC2844601800870C29 /* Bookjeok */,
				501F8BAB2844601800870C29 /* Products */,
				5D9F61A576763D3D921C3D15 /* Pods */,
				E0742CD8D8A1CAE6AE917336 /* Frameworks */,
			);
			sourceTree = "<group>";
		};
		501F8BAB2844601800870C29 /* Products */ = {
			isa = PBXGroup;
			children = (
				501F8BAA2844601800870C29 /* Bookjeok.app */,
			);
			name = Products;
			sourceTree = "<group>";
		};
		501F8BAC2844601800870C29 /* Bookjeok */ = {
			isa = PBXGroup;
			children = (
				501F8BAD2844601800870C29 /* AppDelegate.swift */,
				501F8BAF2844601800870C29 /* SceneDelegate.swift */,
				5028D2D228630926005A76A4 /* BookModel.swift */,
				50757B1528E44C8100BE0249 /* ThemeModel.swift */,
				501F8BC4284461E000870C29 /* HomeVC.swift */,
				505E6BD628BF78FD003AE2BE /* StackListVC.swift */,
				505E6BD828BF7B0C003AE2BE /* StackListCell.swift */,
				50221B59284749D300C4D438 /* ListCollectionVC.swift */,
				50221B572847482B00C4D438 /* ListCollectionCell.swift */,
				5022A55628BC8E030008EEC9 /* BookDetailVC.swift */,
				501F8BC2284461DF00870C29 /* LibraryVC.swift */,
				509D2854287EDEC800FB6B2F /* LibraryBaseCell.swift */,
				503AA492284FB09300DB180D /* ReadBookCell.swift */,
				5028D2D428631577005A76A4 /* ReadingBookCell.swift */,
				509D2850287DEDB600FB6B2F /* WannaReadBookCell.swift */,
				501F8BC1284461DF00870C29 /* CharacterVC.swift */,
				5016B0F5286C2B2F00C82351 /* CharacterCell.swift */,
				501F8BC5284461E000870C29 /* RecordVC.swift */,
				501F8BC3284461E000870C29 /* ProfileVC.swift */,
				5028D2D628631F51005A76A4 /* ProfileCell.swift */,
				5028D2D8286320CA005A76A4 /* ProfileModel.swift */,
				50E017C12890483F0044AEFF /* ProfileEditVC.swift */,
				50E017C328904C070044AEFF /* ProfileEditCell.swift */,
				50E017C528905E030044AEFF /* ProfileImgPopUpVC.swift */,
				50E017C7289063CE0044AEFF /* NicknamePopUpVC.swift */,
				50E017C928906B0A0044AEFF /* DeleteAccountPopUpVC.swift */,
				5030F54C289A2A3500F1899D /* ReadingRecordPopUpVC.swift */,
				5030F54E289A325100F1899D /* ReadingRecordCell.swift */,
				50E017CD2890C4710044AEFF /* ColorFontSetVC.swift */,
				50E017CF2890C52B0044AEFF /* ColorTableCell.swift */,
				5030F5482899FEBB00F1899D /* FontTableCell.swift */,
				50E017CB28906CD20044AEFF /* LogoutPopUpVC.swift */,
				5030F550289A3E8E00F1899D /* LookNotionVC.swift */,
				5030F554289A430700F1899D /* DevIntroductionVC.swift */,
				501F8BB32844601800870C29 /* Main.storyboard */,
				501F8BB62844601800870C29 /* Assets.xcassets */,
				501F8BB82844601800870C29 /* LaunchScreen.storyboard */,
				501F8BBB2844601800870C29 /* Info.plist */,
				50019D092850B8AE00DBB890 /* UnreadBookCell.xib */,
				50019D0B2850B94600DBB890 /* UnreadBookCell.swift */,
				5028D2DA2863251A005A76A4 /* Network */,
				509D2852287ED70C00FB6B2F /* ApiConst.swift */,
				509D2856287EE4E900FB6B2F /* APIManager.swift */,
			);
			path = Bookjeok;
			sourceTree = "<group>";
		};
		5028D2DA2863251A005A76A4 /* Network */ = {
			isa = PBXGroup;
			children = (
				5028D2DB28632582005A76A4 /* NetManager.swift */,
				5028D2DD28633007005A76A4 /* ModelSearchBook.swift */,
			);
			path = Network;
			sourceTree = "<group>";
		};
		5D9F61A576763D3D921C3D15 /* Pods */ = {
			isa = PBXGroup;
			children = (
				14D248F4105B092C91604013 /* Pods-Bookjeok.debug.xcconfig */,
				AB8CEA0005D80E01EDD14119 /* Pods-Bookjeok.release.xcconfig */,
			);
			path = Pods;
			sourceTree = "<group>";
		};
		E0742CD8D8A1CAE6AE917336 /* Frameworks */ = {
			isa = PBXGroup;
			children = (
				9E9D175A6F873AA8E0BEE894 /* Pods_Bookjeok.framework */,
			);
			name = Frameworks;
			sourceTree = "<group>";
		};
/* End PBXGroup section */

/* Begin PBXNativeTarget section */
		501F8BA92844601800870C29 /* Bookjeok */ = {
			isa = PBXNativeTarget;
			buildConfigurationList = 501F8BBE2844601800870C29 /* Build configuration list for PBXNativeTarget "Bookjeok" */;
			buildPhases = (
				D0FD60E231C89FE905627A03 /* [CP] Check Pods Manifest.lock */,
				501F8BA62844601800870C29 /* Sources */,
				501F8BA72844601800870C29 /* Frameworks */,
				501F8BA82844601800870C29 /* Resources */,
				BC39FB4FA8F9C8836CDD0C3F /* [CP] Embed Pods Frameworks */,
			);
			buildRules = (
			);
			dependencies = (
			);
			name = Bookjeok;
			productName = Bookjeok;
			productReference = 501F8BAA2844601800870C29 /* Bookjeok.app */;
			productType = "com.apple.product-type.application";
		};
/* End PBXNativeTarget section */

/* Begin PBXProject section */
		501F8BA22844601800870C29 /* Project object */ = {
			isa = PBXProject;
			attributes = {
				BuildIndependentTargetsInParallel = 1;
				LastSwiftUpdateCheck = 1320;
				LastUpgradeCheck = 1320;
				TargetAttributes = {
					501F8BA92844601800870C29 = {
						CreatedOnToolsVersion = 13.2.1;
					};
				};
			};
			buildConfigurationList = 501F8BA52844601800870C29 /* Build configuration list for PBXProject "Bookjeok" */;
			compatibilityVersion = "Xcode 13.0";
			developmentRegion = en;
			hasScannedForEncodings = 0;
			knownRegions = (
				en,
				Base,
			);
			mainGroup = 501F8BA12844601800870C29;
			productRefGroup = 501F8BAB2844601800870C29 /* Products */;
			projectDirPath = "";
			projectRoot = "";
			targets = (
				501F8BA92844601800870C29 /* Bookjeok */,
			);
		};
/* End PBXProject section */

/* Begin PBXResourcesBuildPhase section */
		501F8BA82844601800870C29 /* Resources */ = {
			isa = PBXResourcesBuildPhase;
			buildActionMask = 2147483647;
			files = (
				501F8BBA2844601800870C29 /* LaunchScreen.storyboard in Resources */,
				501F8BB72844601800870C29 /* Assets.xcassets in Resources */,
				50019D0A2850B8AE00DBB890 /* UnreadBookCell.xib in Resources */,
				501F8BB52844601800870C29 /* Main.storyboard in Resources */,
			);
			runOnlyForDeploymentPostprocessing = 0;
		};
/* End PBXResourcesBuildPhase section */

/* Begin PBXShellScriptBuildPhase section */
		BC39FB4FA8F9C8836CDD0C3F /* [CP] Embed Pods Frameworks */ = {
			isa = PBXShellScriptBuildPhase;
			buildActionMask = 2147483647;
			files = (
			);
			inputFileListPaths = (
				"${PODS_ROOT}/Target Support Files/Pods-Bookjeok/Pods-Bookjeok-frameworks-${CONFIGURATION}-input-files.xcfilelist",
			);
			name = "[CP] Embed Pods Frameworks";
			outputFileListPaths = (
				"${PODS_ROOT}/Target Support Files/Pods-Bookjeok/Pods-Bookjeok-frameworks-${CONFIGURATION}-output-files.xcfilelist",
			);
			runOnlyForDeploymentPostprocessing = 0;
			shellPath = /bin/sh;
			shellScript = "\"${PODS_ROOT}/Target Support Files/Pods-Bookjeok/Pods-Bookjeok-frameworks.sh\"\n";
			showEnvVarsInLog = 0;
		};
		D0FD60E231C89FE905627A03 /* [CP] Check Pods Manifest.lock */ = {
			isa = PBXShellScriptBuildPhase;
			buildActionMask = 2147483647;
			files = (
			);
			inputFileListPaths = (
			);
			inputPaths = (
				"${PODS_PODFILE_DIR_PATH}/Podfile.lock",
				"${PODS_ROOT}/Manifest.lock",
			);
			name = "[CP] Check Pods Manifest.lock";
			outputFileListPaths = (
			);
			outputPaths = (
				"$(DERIVED_FILE_DIR)/Pods-Bookjeok-checkManifestLockResult.txt",
			);
			runOnlyForDeploymentPostprocessing = 0;
			shellPath = /bin/sh;
			shellScript = "diff \"${PODS_PODFILE_DIR_PATH}/Podfile.lock\" \"${PODS_ROOT}/Manifest.lock\" > /dev/null\nif [ $? != 0 ] ; then\n    # print error to STDERR\n    echo \"error: The sandbox is not in sync with the Podfile.lock. Run 'pod install' or update your CocoaPods installation.\" >&2\n    exit 1\nfi\n# This output is used by Xcode 'outputs' to avoid re-running this script phase.\necho \"SUCCESS\" > \"${SCRIPT_OUTPUT_FILE_0}\"\n";
			showEnvVarsInLog = 0;
		};
/* End PBXShellScriptBuildPhase section */

/* Begin PBXSourcesBuildPhase section */
		501F8BA62844601800870C29 /* Sources */ = {
			isa = PBXSourcesBuildPhase;
			buildActionMask = 2147483647;
			files = (
				5028D2D9286320CA005A76A4 /* ProfileModel.swift in Sources */,
				50E017CE2890C4710044AEFF /* ColorFontSetVC.swift in Sources */,
				503AA493284FB09300DB180D /* ReadBookCell.swift in Sources */,
				505E6BD728BF78FD003AE2BE /* StackListVC.swift in Sources */,
				50E017CA28906B0A0044AEFF /* DeleteAccountPopUpVC.swift in Sources */,
				501F8BC8284461E000870C29 /* ProfileVC.swift in Sources */,
				5016B0F6286C2B2F00C82351 /* CharacterCell.swift in Sources */,
				509D2857287EE4E900FB6B2F /* APIManager.swift in Sources */,
				509D2851287DEDB600FB6B2F /* WannaReadBookCell.swift in Sources */,
				5022A55728BC8E030008EEC9 /* BookDetailVC.swift in Sources */,
				50221B582847482B00C4D438 /* ListCollectionCell.swift in Sources */,
				50E017C428904C070044AEFF /* ProfileEditCell.swift in Sources */,
				5028D2DE28633007005A76A4 /* ModelSearchBook.swift in Sources */,
				501F8BCA284461E000870C29 /* RecordVC.swift in Sources */,
				501F8BC9284461E000870C29 /* HomeVC.swift in Sources */,
				50E017C8289063CE0044AEFF /* NicknamePopUpVC.swift in Sources */,
				50019D0C2850B94600DBB890 /* UnreadBookCell.swift in Sources */,
				5028D2D528631577005A76A4 /* ReadingBookCell.swift in Sources */,
				50757B1628E44C8100BE0249 /* ThemeModel.swift in Sources */,
				5028D2D328630926005A76A4 /* BookModel.swift in Sources */,
				501F8BAE2844601800870C29 /* AppDelegate.swift in Sources */,
				50E017CC28906CD30044AEFF /* LogoutPopUpVC.swift in Sources */,
				509D2855287EDEC800FB6B2F /* LibraryBaseCell.swift in Sources */,
				50221B5A284749D300C4D438 /* ListCollectionVC.swift in Sources */,
				509D2853287ED70C00FB6B2F /* ApiConst.swift in Sources */,
				501F8BC6284461E000870C29 /* CharacterVC.swift in Sources */,
				501F8BB02844601800870C29 /* SceneDelegate.swift in Sources */,
				5028D2DC28632582005A76A4 /* NetManager.swift in Sources */,
				5030F555289A430700F1899D /* DevIntroductionVC.swift in Sources */,
				50E017C22890483F0044AEFF /* ProfileEditVC.swift in Sources */,
				5030F551289A3E8E00F1899D /* LookNotionVC.swift in Sources */,
				5030F5492899FEBB00F1899D /* FontTableCell.swift in Sources */,
				5030F54D289A2A3500F1899D /* ReadingRecordPopUpVC.swift in Sources */,
				50E017D02890C52B0044AEFF /* ColorTableCell.swift in Sources */,
				50E017C628905E030044AEFF /* ProfileImgPopUpVC.swift in Sources */,
				501F8BC7284461E000870C29 /* LibraryVC.swift in Sources */,
				505E6BD928BF7B0C003AE2BE /* StackListCell.swift in Sources */,
				5030F54F289A325100F1899D /* ReadingRecordCell.swift in Sources */,
				5028D2D728631F51005A76A4 /* ProfileCell.swift in Sources */,
			);
			runOnlyForDeploymentPostprocessing = 0;
		};
/* End PBXSourcesBuildPhase section */

/* Begin PBXVariantGroup section */
		501F8BB32844601800870C29 /* Main.storyboard */ = {
			isa = PBXVariantGroup;
			children = (
				501F8BB42844601800870C29 /* Base */,
			);
			name = Main.storyboard;
			sourceTree = "<group>";
		};
		501F8BB82844601800870C29 /* LaunchScreen.storyboard */ = {
			isa = PBXVariantGroup;
			children = (
				501F8BB92844601800870C29 /* Base */,
			);
			name = LaunchScreen.storyboard;
			sourceTree = "<group>";
		};
/* End PBXVariantGroup section */

/* Begin XCBuildConfiguration section */
		501F8BBC2844601800870C29 /* Debug */ = {
			isa = XCBuildConfiguration;
			buildSettings = {
				ALWAYS_SEARCH_USER_PATHS = NO;
				CLANG_ANALYZER_NONNULL = YES;
				CLANG_ANALYZER_NUMBER_OBJECT_CONVERSION = YES_AGGRESSIVE;
				CLANG_CXX_LANGUAGE_STANDARD = "gnu++17";
				CLANG_CXX_LIBRARY = "libc++";
				CLANG_ENABLE_MODULES = YES;
				CLANG_ENABLE_OBJC_ARC = YES;
				CLANG_ENABLE_OBJC_WEAK = YES;
				CLANG_WARN_BLOCK_CAPTURE_AUTORELEASING = YES;
				CLANG_WARN_BOOL_CONVERSION = YES;
				CLANG_WARN_COMMA = YES;
				CLANG_WARN_CONSTANT_CONVERSION = YES;
				CLANG_WARN_DEPRECATED_OBJC_IMPLEMENTATIONS = YES;
				CLANG_WARN_DIRECT_OBJC_ISA_USAGE = YES_ERROR;
				CLANG_WARN_DOCUMENTATION_COMMENTS = YES;
				CLANG_WARN_EMPTY_BODY = YES;
				CLANG_WARN_ENUM_CONVERSION = YES;
				CLANG_WARN_INFINITE_RECURSION = YES;
				CLANG_WARN_INT_CONVERSION = YES;
				CLANG_WARN_NON_LITERAL_NULL_CONVERSION = YES;
				CLANG_WARN_OBJC_IMPLICIT_RETAIN_SELF = YES;
				CLANG_WARN_OBJC_LITERAL_CONVERSION = YES;
				CLANG_WARN_OBJC_ROOT_CLASS = YES_ERROR;
				CLANG_WARN_QUOTED_INCLUDE_IN_FRAMEWORK_HEADER = YES;
				CLANG_WARN_RANGE_LOOP_ANALYSIS = YES;
				CLANG_WARN_STRICT_PROTOTYPES = YES;
				CLANG_WARN_SUSPICIOUS_MOVE = YES;
				CLANG_WARN_UNGUARDED_AVAILABILITY = YES_AGGRESSIVE;
				CLANG_WARN_UNREACHABLE_CODE = YES;
				CLANG_WARN__DUPLICATE_METHOD_MATCH = YES;
				COPY_PHASE_STRIP = NO;
				DEBUG_INFORMATION_FORMAT = dwarf;
				ENABLE_STRICT_OBJC_MSGSEND = YES;
				ENABLE_TESTABILITY = YES;
				GCC_C_LANGUAGE_STANDARD = gnu11;
				GCC_DYNAMIC_NO_PIC = NO;
				GCC_NO_COMMON_BLOCKS = YES;
				GCC_OPTIMIZATION_LEVEL = 0;
				GCC_PREPROCESSOR_DEFINITIONS = (
					"DEBUG=1",
					"$(inherited)",
				);
				GCC_WARN_64_TO_32_BIT_CONVERSION = YES;
				GCC_WARN_ABOUT_RETURN_TYPE = YES_ERROR;
				GCC_WARN_UNDECLARED_SELECTOR = YES;
				GCC_WARN_UNINITIALIZED_AUTOS = YES_AGGRESSIVE;
				GCC_WARN_UNUSED_FUNCTION = YES;
				GCC_WARN_UNUSED_VARIABLE = YES;
				IPHONEOS_DEPLOYMENT_TARGET = 15.2;
				MTL_ENABLE_DEBUG_INFO = INCLUDE_SOURCE;
				MTL_FAST_MATH = YES;
				ONLY_ACTIVE_ARCH = YES;
				SDKROOT = iphoneos;
				SWIFT_ACTIVE_COMPILATION_CONDITIONS = DEBUG;
				SWIFT_OPTIMIZATION_LEVEL = "-Onone";
			};
			name = Debug;
		};
		501F8BBD2844601800870C29 /* Release */ = {
			isa = XCBuildConfiguration;
			buildSettings = {
				ALWAYS_SEARCH_USER_PATHS = NO;
				CLANG_ANALYZER_NONNULL = YES;
				CLANG_ANALYZER_NUMBER_OBJECT_CONVERSION = YES_AGGRESSIVE;
				CLANG_CXX_LANGUAGE_STANDARD = "gnu++17";
				CLANG_CXX_LIBRARY = "libc++";
				CLANG_ENABLE_MODULES = YES;
				CLANG_ENABLE_OBJC_ARC = YES;
				CLANG_ENABLE_OBJC_WEAK = YES;
				CLANG_WARN_BLOCK_CAPTURE_AUTORELEASING = YES;
				CLANG_WARN_BOOL_CONVERSION = YES;
				CLANG_WARN_COMMA = YES;
				CLANG_WARN_CONSTANT_CONVERSION = YES;
				CLANG_WARN_DEPRECATED_OBJC_IMPLEMENTATIONS = YES;
				CLANG_WARN_DIRECT_OBJC_ISA_USAGE = YES_ERROR;
				CLANG_WARN_DOCUMENTATION_COMMENTS = YES;
				CLANG_WARN_EMPTY_BODY = YES;
				CLANG_WARN_ENUM_CONVERSION = YES;
				CLANG_WARN_INFINITE_RECURSION = YES;
				CLANG_WARN_INT_CONVERSION = YES;
				CLANG_WARN_NON_LITERAL_NULL_CONVERSION = YES;
				CLANG_WARN_OBJC_IMPLICIT_RETAIN_SELF = YES;
				CLANG_WARN_OBJC_LITERAL_CONVERSION = YES;
				CLANG_WARN_OBJC_ROOT_CLASS = YES_ERROR;
				CLANG_WARN_QUOTED_INCLUDE_IN_FRAMEWORK_HEADER = YES;
				CLANG_WARN_RANGE_LOOP_ANALYSIS = YES;
				CLANG_WARN_STRICT_PROTOTYPES = YES;
				CLANG_WARN_SUSPICIOUS_MOVE = YES;
				CLANG_WARN_UNGUARDED_AVAILABILITY = YES_AGGRESSIVE;
				CLANG_WARN_UNREACHABLE_CODE = YES;
				CLANG_WARN__DUPLICATE_METHOD_MATCH = YES;
				COPY_PHASE_STRIP = NO;
				DEBUG_INFORMATION_FORMAT = "dwarf-with-dsym";
				ENABLE_NS_ASSERTIONS = NO;
				ENABLE_STRICT_OBJC_MSGSEND = YES;
				GCC_C_LANGUAGE_STANDARD = gnu11;
				GCC_NO_COMMON_BLOCKS = YES;
				GCC_WARN_64_TO_32_BIT_CONVERSION = YES;
				GCC_WARN_ABOUT_RETURN_TYPE = YES_ERROR;
				GCC_WARN_UNDECLARED_SELECTOR = YES;
				GCC_WARN_UNINITIALIZED_AUTOS = YES_AGGRESSIVE;
				GCC_WARN_UNUSED_FUNCTION = YES;
				GCC_WARN_UNUSED_VARIABLE = YES;
				IPHONEOS_DEPLOYMENT_TARGET = 15.2;
				MTL_ENABLE_DEBUG_INFO = NO;
				MTL_FAST_MATH = YES;
				SDKROOT = iphoneos;
				SWIFT_COMPILATION_MODE = wholemodule;
				SWIFT_OPTIMIZATION_LEVEL = "-O";
				VALIDATE_PRODUCT = YES;
			};
			name = Release;
		};
		501F8BBF2844601800870C29 /* Debug */ = {
			isa = XCBuildConfiguration;
			baseConfigurationReference = 14D248F4105B092C91604013 /* Pods-Bookjeok.debug.xcconfig */;
			buildSettings = {
				ASSETCATALOG_COMPILER_APPICON_NAME = AppIcon;
				ASSETCATALOG_COMPILER_GLOBAL_ACCENT_COLOR_NAME = AccentColor;
				CODE_SIGN_STYLE = Automatic;
				CURRENT_PROJECT_VERSION = 1;
				DEVELOPMENT_TEAM = CT9F24W469;
				GENERATE_INFOPLIST_FILE = YES;
				INFOPLIST_FILE = Bookjeok/Info.plist;
				INFOPLIST_KEY_UIApplicationSupportsIndirectInputEvents = YES;
				INFOPLIST_KEY_UILaunchStoryboardName = LaunchScreen;
				INFOPLIST_KEY_UIMainStoryboardFile = Main;
				INFOPLIST_KEY_UISupportedInterfaceOrientations_iPad = "UIInterfaceOrientationPortrait UIInterfaceOrientationPortraitUpsideDown UIInterfaceOrientationLandscapeLeft UIInterfaceOrientationLandscapeRight";
				INFOPLIST_KEY_UISupportedInterfaceOrientations_iPhone = "UIInterfaceOrientationPortrait UIInterfaceOrientationLandscapeLeft UIInterfaceOrientationLandscapeRight";
				LD_RUNPATH_SEARCH_PATHS = (
					"$(inherited)",
					"@executable_path/Frameworks",
				);
				MARKETING_VERSION = 1.0;
				PRODUCT_BUNDLE_IDENTIFIER = ontheway.Bookjeok;
				PRODUCT_NAME = "$(TARGET_NAME)";
				SWIFT_EMIT_LOC_STRINGS = YES;
				SWIFT_VERSION = 5.0;
				TARGETED_DEVICE_FAMILY = "1,2";
			};
			name = Debug;
		};
		501F8BC02844601800870C29 /* Release */ = {
			isa = XCBuildConfiguration;
			baseConfigurationReference = AB8CEA0005D80E01EDD14119 /* Pods-Bookjeok.release.xcconfig */;
			buildSettings = {
				ASSETCATALOG_COMPILER_APPICON_NAME = AppIcon;
				ASSETCATALOG_COMPILER_GLOBAL_ACCENT_COLOR_NAME = AccentColor;
				CODE_SIGN_STYLE = Automatic;
				CURRENT_PROJECT_VERSION = 1;
				DEVELOPMENT_TEAM = CT9F24W469;
				GENERATE_INFOPLIST_FILE = YES;
				INFOPLIST_FILE = Bookjeok/Info.plist;
				INFOPLIST_KEY_UIApplicationSupportsIndirectInputEvents = YES;
				INFOPLIST_KEY_UILaunchStoryboardName = LaunchScreen;
				INFOPLIST_KEY_UIMainStoryboardFile = Main;
				INFOPLIST_KEY_UISupportedInterfaceOrientations_iPad = "UIInterfaceOrientationPortrait UIInterfaceOrientationPortraitUpsideDown UIInterfaceOrientationLandscapeLeft UIInterfaceOrientationLandscapeRight";
				INFOPLIST_KEY_UISupportedInterfaceOrientations_iPhone = "UIInterfaceOrientationPortrait UIInterfaceOrientationLandscapeLeft UIInterfaceOrientationLandscapeRight";
				LD_RUNPATH_SEARCH_PATHS = (
					"$(inherited)",
					"@executable_path/Frameworks",
				);
				MARKETING_VERSION = 1.0;
				PRODUCT_BUNDLE_IDENTIFIER = ontheway.Bookjeok;
				PRODUCT_NAME = "$(TARGET_NAME)";
				SWIFT_EMIT_LOC_STRINGS = YES;
				SWIFT_VERSION = 5.0;
				TARGETED_DEVICE_FAMILY = "1,2";
			};
			name = Release;
		};
/* End XCBuildConfiguration section */

/* Begin XCConfigurationList section */
		501F8BA52844601800870C29 /* Build configuration list for PBXProject "Bookjeok" */ = {
			isa = XCConfigurationList;
			buildConfigurations = (
				501F8BBC2844601800870C29 /* Debug */,
				501F8BBD2844601800870C29 /* Release */,
			);
			defaultConfigurationIsVisible = 0;
			defaultConfigurationName = Release;
		};
		501F8BBE2844601800870C29 /* Build configuration list for PBXNativeTarget "Bookjeok" */ = {
			isa = XCConfigurationList;
			buildConfigurations = (
				501F8BBF2844601800870C29 /* Debug */,
				501F8BC02844601800870C29 /* Release */,
			);
			defaultConfigurationIsVisible = 0;
			defaultConfigurationName = Release;
		};
/* End XCConfigurationList section */
	};
	rootObject = 501F8BA22844601800870C29 /* Project object */;
}
