// !$*UTF8*$!
{
	archiveVersion = 1;
	classes = {
	};
	objectVersion = 55;
	objects = {

/* Begin PBXBuildFile section */
		501F8BAE2844601800870C29 /* AppDelegate.swift in Sources */ = {isa = PBXBuildFile; fileRef = 501F8BAD2844601800870C29 /* AppDelegate.swift */; };
		501F8BB02844601800870C29 /* SceneDelegate.swift in Sources */ = {isa = PBXBuildFile; fileRef = 501F8BAF2844601800870C29 /* SceneDelegate.swift */; };
		501F8BB52844601800870C29 /* Main.storyboard in Resources */ = {isa = PBXBuildFile; fileRef = 501F8BB32844601800870C29 /* Main.storyboard */; };
		501F8BB72844601800870C29 /* Assets.xcassets in Resources */ = {isa = PBXBuildFile; fileRef = 501F8BB62844601800870C29 /* Assets.xcassets */; };
		501F8BBA2844601800870C29 /* LaunchScreen.storyboard in Resources */ = {isa = PBXBuildFile; fileRef = 501F8BB82844601800870C29 /* LaunchScreen.storyboard */; };
		501F8BC6284461E000870C29 /* CharacterVC.swift in Sources */ = {isa = PBXBuildFile; fileRef = 501F8BC1284461DF00870C29 /* CharacterVC.swift */; };
		501F8BC7284461E000870C29 /* LibraryVC.swift in Sources */ = {isa = PBXBuildFile; fileRef = 501F8BC2284461DF00870C29 /* LibraryVC.swift */; };
		501F8BC8284461E000870C29 /* ProfileVC.swift in Sources */ = {isa = PBXBuildFile; fileRef = 501F8BC3284461E000870C29 /* ProfileVC.swift */; };
		501F8BC9284461E000870C29 /* HomeVC.swift in Sources */ = {isa = PBXBuildFile; fileRef = 501F8BC4284461E000870C29 /* HomeVC.swift */; };
		501F8BCA284461E000870C29 /* RecordVC.swift in Sources */ = {isa = PBXBuildFile; fileRef = 501F8BC5284461E000870C29 /* RecordVC.swift */; };
		501F8BCC284461E800870C29 /* 책.jpeg in Resources */ = {isa = PBXBuildFile; fileRef = 501F8BCB284461E800870C29 /* 책.jpeg */; };
		50221B582847482B00C4D438 /* ListCollectionCell.swift in Sources */ = {isa = PBXBuildFile; fileRef = 50221B572847482B00C4D438 /* ListCollectionCell.swift */; };
		50221B5A284749D300C4D438 /* ListCollectionVC.swift in Sources */ = {isa = PBXBuildFile; fileRef = 50221B59284749D300C4D438 /* ListCollectionVC.swift */; };
		50B5EE472848C8930094CC69 /* ViewAllVC.swift in Sources */ = {isa = PBXBuildFile; fileRef = 50B5EE462848C8930094CC69 /* ViewAllVC.swift */; };
		50B5EE492848C8BB0094CC69 /* ViewReadBooksVC.swift in Sources */ = {isa = PBXBuildFile; fileRef = 50B5EE482848C8BB0094CC69 /* ViewReadBooksVC.swift */; };
		50B5EE4B2848C8E30094CC69 /* ViewReadingBooksVC.swift in Sources */ = {isa = PBXBuildFile; fileRef = 50B5EE4A2848C8E30094CC69 /* ViewReadingBooksVC.swift */; };
		50B5EE4D2848C91C0094CC69 /* ViewWannaReadBooksVC.swift in Sources */ = {isa = PBXBuildFile; fileRef = 50B5EE4C2848C91C0094CC69 /* ViewWannaReadBooksVC.swift */; };
/* End PBXBuildFile section */

/* Begin PBXFileReference section */
		501F8BAA2844601800870C29 /* Bookjeok.app */ = {isa = PBXFileReference; explicitFileType = wrapper.application; includeInIndex = 0; path = Bookjeok.app; sourceTree = BUILT_PRODUCTS_DIR; };
		501F8BAD2844601800870C29 /* AppDelegate.swift */ = {isa = PBXFileReference; lastKnownFileType = sourcecode.swift; path = AppDelegate.swift; sourceTree = "<group>"; };
		501F8BAF2844601800870C29 /* SceneDelegate.swift */ = {isa = PBXFileReference; lastKnownFileType = sourcecode.swift; path = SceneDelegate.swift; sourceTree = "<group>"; };
		501F8BB42844601800870C29 /* Base */ = {isa = PBXFileReference; lastKnownFileType = file.storyboard; name = Base; path = Base.lproj/Main.storyboard; sourceTree = "<group>"; };
		501F8BB62844601800870C29 /* Assets.xcassets */ = {isa = PBXFileReference; lastKnownFileType = folder.assetcatalog; path = Assets.xcassets; sourceTree = "<group>"; };
		501F8BB92844601800870C29 /* Base */ = {isa = PBXFileReference; lastKnownFileType = file.storyboard; name = Base; path = Base.lproj/LaunchScreen.storyboard; sourceTree = "<group>"; };
		501F8BBB2844601800870C29 /* Info.plist */ = {isa = PBXFileReference; lastKnownFileType = text.plist.xml; path = Info.plist; sourceTree = "<group>"; };
		501F8BC1284461DF00870C29 /* CharacterVC.swift */ = {isa = PBXFileReference; fileEncoding = 4; lastKnownFileType = sourcecode.swift; path = CharacterVC.swift; sourceTree = "<group>"; };
		501F8BC2284461DF00870C29 /* LibraryVC.swift */ = {isa = PBXFileReference; fileEncoding = 4; lastKnownFileType = sourcecode.swift; path = LibraryVC.swift; sourceTree = "<group>"; };
		501F8BC3284461E000870C29 /* ProfileVC.swift */ = {isa = PBXFileReference; fileEncoding = 4; lastKnownFileType = sourcecode.swift; path = ProfileVC.swift; sourceTree = "<group>"; };
		501F8BC4284461E000870C29 /* HomeVC.swift */ = {isa = PBXFileReference; fileEncoding = 4; lastKnownFileType = sourcecode.swift; path = HomeVC.swift; sourceTree = "<group>"; };
		501F8BC5284461E000870C29 /* RecordVC.swift */ = {isa = PBXFileReference; fileEncoding = 4; lastKnownFileType = sourcecode.swift; path = RecordVC.swift; sourceTree = "<group>"; };
		501F8BCB284461E800870C29 /* 책.jpeg */ = {isa = PBXFileReference; lastKnownFileType = image.jpeg; path = "책.jpeg"; sourceTree = "<group>"; };
		50221B572847482B00C4D438 /* ListCollectionCell.swift */ = {isa = PBXFileReference; lastKnownFileType = sourcecode.swift; path = ListCollectionCell.swift; sourceTree = "<group>"; };
		50221B59284749D300C4D438 /* ListCollectionVC.swift */ = {isa = PBXFileReference; lastKnownFileType = sourcecode.swift; path = ListCollectionVC.swift; sourceTree = "<group>"; };
		50B5EE462848C8930094CC69 /* ViewAllVC.swift */ = {isa = PBXFileReference; lastKnownFileType = sourcecode.swift; path = ViewAllVC.swift; sourceTree = "<group>"; };
		50B5EE482848C8BB0094CC69 /* ViewReadBooksVC.swift */ = {isa = PBXFileReference; lastKnownFileType = sourcecode.swift; path = ViewReadBooksVC.swift; sourceTree = "<group>"; };
		50B5EE4A2848C8E30094CC69 /* ViewReadingBooksVC.swift */ = {isa = PBXFileReference; lastKnownFileType = sourcecode.swift; path = ViewReadingBooksVC.swift; sourceTree = "<group>"; };
		50B5EE4C2848C91C0094CC69 /* ViewWannaReadBooksVC.swift */ = {isa = PBXFileReference; lastKnownFileType = sourcecode.swift; path = ViewWannaReadBooksVC.swift; sourceTree = "<group>"; };
/* End PBXFileReference section */

/* Begin PBXFrameworksBuildPhase section */
		501F8BA72844601800870C29 /* Frameworks */ = {
			isa = PBXFrameworksBuildPhase;
			buildActionMask = 2147483647;
			files = (
			);
			runOnlyForDeploymentPostprocessing = 0;
		};
/* End PBXFrameworksBuildPhase section */

/* Begin PBXGroup section */
		501F8BA12844601800870C29 = {
			isa = PBXGroup;
			children = (
				501F8BAC2844601800870C29 /* Bookjeok */,
				501F8BAB2844601800870C29 /* Products */,
			);
			sourceTree = "<group>";
		};
		501F8BAB2844601800870C29 /* Products */ = {
			isa = PBXGroup;
			children = (
				501F8BAA2844601800870C29 /* Bookjeok.app */,
			);
			name = Products;
			sourceTree = "<group>";
		};
		501F8BAC2844601800870C29 /* Bookjeok */ = {
			isa = PBXGroup;
			children = (
				501F8BCB284461E800870C29 /* 책.jpeg */,
				501F8BAD2844601800870C29 /* AppDelegate.swift */,
				501F8BAF2844601800870C29 /* SceneDelegate.swift */,
				501F8BC4284461E000870C29 /* HomeVC.swift */,
				50221B59284749D300C4D438 /* ListCollectionVC.swift */,
				50221B572847482B00C4D438 /* ListCollectionCell.swift */,
				501F8BC2284461DF00870C29 /* LibraryVC.swift */,
				50B5EE462848C8930094CC69 /* ViewAllVC.swift */,
				50B5EE482848C8BB0094CC69 /* ViewReadBooksVC.swift */,
				50B5EE4A2848C8E30094CC69 /* ViewReadingBooksVC.swift */,
				50B5EE4C2848C91C0094CC69 /* ViewWannaReadBooksVC.swift */,
				501F8BC1284461DF00870C29 /* CharacterVC.swift */,
				501F8BC5284461E000870C29 /* RecordVC.swift */,
				501F8BC3284461E000870C29 /* ProfileVC.swift */,
				501F8BB32844601800870C29 /* Main.storyboard */,
				501F8BB62844601800870C29 /* Assets.xcassets */,
				501F8BB82844601800870C29 /* LaunchScreen.storyboard */,
				501F8BBB2844601800870C29 /* Info.plist */,
			);
			path = Bookjeok;
			sourceTree = "<group>";
		};
/* End PBXGroup section */

/* Begin PBXNativeTarget section */
		501F8BA92844601800870C29 /* Bookjeok */ = {
			isa = PBXNativeTarget;
			buildConfigurationList = 501F8BBE2844601800870C29 /* Build configuration list for PBXNativeTarget "Bookjeok" */;
			buildPhases = (
				501F8BA62844601800870C29 /* Sources */,
				501F8BA72844601800870C29 /* Frameworks */,
				501F8BA82844601800870C29 /* Resources */,
			);
			buildRules = (
			);
			dependencies = (
			);
			name = Bookjeok;
			productName = Bookjeok;
			productReference = 501F8BAA2844601800870C29 /* Bookjeok.app */;
			productType = "com.apple.product-type.application";
		};
/* End PBXNativeTarget section */

/* Begin PBXProject section */
		501F8BA22844601800870C29 /* Project object */ = {
			isa = PBXProject;
			attributes = {
				BuildIndependentTargetsInParallel = 1;
				LastSwiftUpdateCheck = 1320;
				LastUpgradeCheck = 1320;
				TargetAttributes = {
					501F8BA92844601800870C29 = {
						CreatedOnToolsVersion = 13.2.1;
					};
				};
			};
			buildConfigurationList = 501F8BA52844601800870C29 /* Build configuration list for PBXProject "Bookjeok" */;
			compatibilityVersion = "Xcode 13.0";
			developmentRegion = en;
			hasScannedForEncodings = 0;
			knownRegions = (
				en,
				Base,
			);
			mainGroup = 501F8BA12844601800870C29;
			productRefGroup = 501F8BAB2844601800870C29 /* Products */;
			projectDirPath = "";
			projectRoot = "";
			targets = (
				501F8BA92844601800870C29 /* Bookjeok */,
			);
		};
/* End PBXProject section */

/* Begin PBXResourcesBuildPhase section */
		501F8BA82844601800870C29 /* Resources */ = {
			isa = PBXResourcesBuildPhase;
			buildActionMask = 2147483647;
			files = (
				501F8BCC284461E800870C29 /* 책.jpeg in Resources */,
				501F8BBA2844601800870C29 /* LaunchScreen.storyboard in Resources */,
				501F8BB72844601800870C29 /* Assets.xcassets in Resources */,
				501F8BB52844601800870C29 /* Main.storyboard in Resources */,
			);
			runOnlyForDeploymentPostprocessing = 0;
		};
/* End PBXResourcesBuildPhase section */

/* Begin PBXSourcesBuildPhase section */
		501F8BA62844601800870C29 /* Sources */ = {
			isa = PBXSourcesBuildPhase;
			buildActionMask = 2147483647;
			files = (
				50B5EE4D2848C91C0094CC69 /* ViewWannaReadBooksVC.swift in Sources */,
				50B5EE4B2848C8E30094CC69 /* ViewReadingBooksVC.swift in Sources */,
				501F8BC8284461E000870C29 /* ProfileVC.swift in Sources */,
				50221B582847482B00C4D438 /* ListCollectionCell.swift in Sources */,
				501F8BCA284461E000870C29 /* RecordVC.swift in Sources */,
				501F8BC9284461E000870C29 /* HomeVC.swift in Sources */,
				50B5EE492848C8BB0094CC69 /* ViewReadBooksVC.swift in Sources */,
				50B5EE472848C8930094CC69 /* ViewAllVC.swift in Sources */,
				501F8BAE2844601800870C29 /* AppDelegate.swift in Sources */,
				50221B5A284749D300C4D438 /* ListCollectionVC.swift in Sources */,
				501F8BC6284461E000870C29 /* CharacterVC.swift in Sources */,
				501F8BB02844601800870C29 /* SceneDelegate.swift in Sources */,
				501F8BC7284461E000870C29 /* LibraryVC.swift in Sources */,
			);
			runOnlyForDeploymentPostprocessing = 0;
		};
/* End PBXSourcesBuildPhase section */

/* Begin PBXVariantGroup section */
		501F8BB32844601800870C29 /* Main.storyboard */ = {
			isa = PBXVariantGroup;
			children = (
				501F8BB42844601800870C29 /* Base */,
			);
			name = Main.storyboard;
			sourceTree = "<group>";
		};
		501F8BB82844601800870C29 /* LaunchScreen.storyboard */ = {
			isa = PBXVariantGroup;
			children = (
				501F8BB92844601800870C29 /* Base */,
			);
			name = LaunchScreen.storyboard;
			sourceTree = "<group>";
		};
/* End PBXVariantGroup section */

/* Begin XCBuildConfiguration section */
		501F8BBC2844601800870C29 /* Debug */ = {
			isa = XCBuildConfiguration;
			buildSettings = {
				ALWAYS_SEARCH_USER_PATHS = NO;
				CLANG_ANALYZER_NONNULL = YES;
				CLANG_ANALYZER_NUMBER_OBJECT_CONVERSION = YES_AGGRESSIVE;
				CLANG_CXX_LANGUAGE_STANDARD = "gnu++17";
				CLANG_CXX_LIBRARY = "libc++";
				CLANG_ENABLE_MODULES = YES;
				CLANG_ENABLE_OBJC_ARC = YES;
				CLANG_ENABLE_OBJC_WEAK = YES;
				CLANG_WARN_BLOCK_CAPTURE_AUTORELEASING = YES;
				CLANG_WARN_BOOL_CONVERSION = YES;
				CLANG_WARN_COMMA = YES;
				CLANG_WARN_CONSTANT_CONVERSION = YES;
				CLANG_WARN_DEPRECATED_OBJC_IMPLEMENTATIONS = YES;
				CLANG_WARN_DIRECT_OBJC_ISA_USAGE = YES_ERROR;
				CLANG_WARN_DOCUMENTATION_COMMENTS = YES;
				CLANG_WARN_EMPTY_BODY = YES;
				CLANG_WARN_ENUM_CONVERSION = YES;
				CLANG_WARN_INFINITE_RECURSION = YES;
				CLANG_WARN_INT_CONVERSION = YES;
				CLANG_WARN_NON_LITERAL_NULL_CONVERSION = YES;
				CLANG_WARN_OBJC_IMPLICIT_RETAIN_SELF = YES;
				CLANG_WARN_OBJC_LITERAL_CONVERSION = YES;
				CLANG_WARN_OBJC_ROOT_CLASS = YES_ERROR;
				CLANG_WARN_QUOTED_INCLUDE_IN_FRAMEWORK_HEADER = YES;
				CLANG_WARN_RANGE_LOOP_ANALYSIS = YES;
				CLANG_WARN_STRICT_PROTOTYPES = YES;
				CLANG_WARN_SUSPICIOUS_MOVE = YES;
				CLANG_WARN_UNGUARDED_AVAILABILITY = YES_AGGRESSIVE;
				CLANG_WARN_UNREACHABLE_CODE = YES;
				CLANG_WARN__DUPLICATE_METHOD_MATCH = YES;
				COPY_PHASE_STRIP = NO;
				DEBUG_INFORMATION_FORMAT = dwarf;
				ENABLE_STRICT_OBJC_MSGSEND = YES;
				ENABLE_TESTABILITY = YES;
				GCC_C_LANGUAGE_STANDARD = gnu11;
				GCC_DYNAMIC_NO_PIC = NO;
				GCC_NO_COMMON_BLOCKS = YES;
				GCC_OPTIMIZATION_LEVEL = 0;
				GCC_PREPROCESSOR_DEFINITIONS = (
					"DEBUG=1",
					"$(inherited)",
				);
				GCC_WARN_64_TO_32_BIT_CONVERSION = YES;
				GCC_WARN_ABOUT_RETURN_TYPE = YES_ERROR;
				GCC_WARN_UNDECLARED_SELECTOR = YES;
				GCC_WARN_UNINITIALIZED_AUTOS = YES_AGGRESSIVE;
				GCC_WARN_UNUSED_FUNCTION = YES;
				GCC_WARN_UNUSED_VARIABLE = YES;
				IPHONEOS_DEPLOYMENT_TARGET = 15.2;
				MTL_ENABLE_DEBUG_INFO = INCLUDE_SOURCE;
				MTL_FAST_MATH = YES;
				ONLY_ACTIVE_ARCH = YES;
				SDKROOT = iphoneos;
				SWIFT_ACTIVE_COMPILATION_CONDITIONS = DEBUG;
				SWIFT_OPTIMIZATION_LEVEL = "-Onone";
			};
			name = Debug;
		};
		501F8BBD2844601800870C29 /* Release */ = {
			isa = XCBuildConfiguration;
			buildSettings = {
				ALWAYS_SEARCH_USER_PATHS = NO;
				CLANG_ANALYZER_NONNULL = YES;
				CLANG_ANALYZER_NUMBER_OBJECT_CONVERSION = YES_AGGRESSIVE;
				CLANG_CXX_LANGUAGE_STANDARD = "gnu++17";
				CLANG_CXX_LIBRARY = "libc++";
				CLANG_ENABLE_MODULES = YES;
				CLANG_ENABLE_OBJC_ARC = YES;
				CLANG_ENABLE_OBJC_WEAK = YES;
				CLANG_WARN_BLOCK_CAPTURE_AUTORELEASING = YES;
				CLANG_WARN_BOOL_CONVERSION = YES;
				CLANG_WARN_COMMA = YES;
				CLANG_WARN_CONSTANT_CONVERSION = YES;
				CLANG_WARN_DEPRECATED_OBJC_IMPLEMENTATIONS = YES;
				CLANG_WARN_DIRECT_OBJC_ISA_USAGE = YES_ERROR;
				CLANG_WARN_DOCUMENTATION_COMMENTS = YES;
				CLANG_WARN_EMPTY_BODY = YES;
				CLANG_WARN_ENUM_CONVERSION = YES;
				CLANG_WARN_INFINITE_RECURSION = YES;
				CLANG_WARN_INT_CONVERSION = YES;
				CLANG_WARN_NON_LITERAL_NULL_CONVERSION = YES;
				CLANG_WARN_OBJC_IMPLICIT_RETAIN_SELF = YES;
				CLANG_WARN_OBJC_LITERAL_CONVERSION = YES;
				CLANG_WARN_OBJC_ROOT_CLASS = YES_ERROR;
				CLANG_WARN_QUOTED_INCLUDE_IN_FRAMEWORK_HEADER = YES;
				CLANG_WARN_RANGE_LOOP_ANALYSIS = YES;
				CLANG_WARN_STRICT_PROTOTYPES = YES;
				CLANG_WARN_SUSPICIOUS_MOVE = YES;
				CLANG_WARN_UNGUARDED_AVAILABILITY = YES_AGGRESSIVE;
				CLANG_WARN_UNREACHABLE_CODE = YES;
				CLANG_WARN__DUPLICATE_METHOD_MATCH = YES;
				COPY_PHASE_STRIP = NO;
				DEBUG_INFORMATION_FORMAT = "dwarf-with-dsym";
				ENABLE_NS_ASSERTIONS = NO;
				ENABLE_STRICT_OBJC_MSGSEND = YES;
				GCC_C_LANGUAGE_STANDARD = gnu11;
				GCC_NO_COMMON_BLOCKS = YES;
				GCC_WARN_64_TO_32_BIT_CONVERSION = YES;
				GCC_WARN_ABOUT_RETURN_TYPE = YES_ERROR;
				GCC_WARN_UNDECLARED_SELECTOR = YES;
				GCC_WARN_UNINITIALIZED_AUTOS = YES_AGGRESSIVE;
				GCC_WARN_UNUSED_FUNCTION = YES;
				GCC_WARN_UNUSED_VARIABLE = YES;
				IPHONEOS_DEPLOYMENT_TARGET = 15.2;
				MTL_ENABLE_DEBUG_INFO = NO;
				MTL_FAST_MATH = YES;
				SDKROOT = iphoneos;
				SWIFT_COMPILATION_MODE = wholemodule;
				SWIFT_OPTIMIZATION_LEVEL = "-O";
				VALIDATE_PRODUCT = YES;
			};
			name = Release;
		};
		501F8BBF2844601800870C29 /* Debug */ = {
			isa = XCBuildConfiguration;
			buildSettings = {
				ASSETCATALOG_COMPILER_APPICON_NAME = AppIcon;
				ASSETCATALOG_COMPILER_GLOBAL_ACCENT_COLOR_NAME = AccentColor;
				CODE_SIGN_STYLE = Automatic;
				CURRENT_PROJECT_VERSION = 1;
				DEVELOPMENT_TEAM = CT9F24W469;
				GENERATE_INFOPLIST_FILE = YES;
				INFOPLIST_FILE = Bookjeok/Info.plist;
				INFOPLIST_KEY_UIApplicationSupportsIndirectInputEvents = YES;
				INFOPLIST_KEY_UILaunchStoryboardName = LaunchScreen;
				INFOPLIST_KEY_UIMainStoryboardFile = Main;
				INFOPLIST_KEY_UISupportedInterfaceOrientations_iPad = "UIInterfaceOrientationPortrait UIInterfaceOrientationPortraitUpsideDown UIInterfaceOrientationLandscapeLeft UIInterfaceOrientationLandscapeRight";
				INFOPLIST_KEY_UISupportedInterfaceOrientations_iPhone = "UIInterfaceOrientationPortrait UIInterfaceOrientationLandscapeLeft UIInterfaceOrientationLandscapeRight";
				LD_RUNPATH_SEARCH_PATHS = (
					"$(inherited)",
					"@executable_path/Frameworks",
				);
				MARKETING_VERSION = 1.0;
				PRODUCT_BUNDLE_IDENTIFIER = ontheway.Bookjeok;
				PRODUCT_NAME = "$(TARGET_NAME)";
				SWIFT_EMIT_LOC_STRINGS = YES;
				SWIFT_VERSION = 5.0;
				TARGETED_DEVICE_FAMILY = "1,2";
			};
			name = Debug;
		};
		501F8BC02844601800870C29 /* Release */ = {
			isa = XCBuildConfiguration;
			buildSettings = {
				ASSETCATALOG_COMPILER_APPICON_NAME = AppIcon;
				ASSETCATALOG_COMPILER_GLOBAL_ACCENT_COLOR_NAME = AccentColor;
				CODE_SIGN_STYLE = Automatic;
				CURRENT_PROJECT_VERSION = 1;
				DEVELOPMENT_TEAM = CT9F24W469;
				GENERATE_INFOPLIST_FILE = YES;
				INFOPLIST_FILE = Bookjeok/Info.plist;
				INFOPLIST_KEY_UIApplicationSupportsIndirectInputEvents = YES;
				INFOPLIST_KEY_UILaunchStoryboardName = LaunchScreen;
				INFOPLIST_KEY_UIMainStoryboardFile = Main;
				INFOPLIST_KEY_UISupportedInterfaceOrientations_iPad = "UIInterfaceOrientationPortrait UIInterfaceOrientationPortraitUpsideDown UIInterfaceOrientationLandscapeLeft UIInterfaceOrientationLandscapeRight";
				INFOPLIST_KEY_UISupportedInterfaceOrientations_iPhone = "UIInterfaceOrientationPortrait UIInterfaceOrientationLandscapeLeft UIInterfaceOrientationLandscapeRight";
				LD_RUNPATH_SEARCH_PATHS = (
					"$(inherited)",
					"@executable_path/Frameworks",
				);
				MARKETING_VERSION = 1.0;
				PRODUCT_BUNDLE_IDENTIFIER = ontheway.Bookjeok;
				PRODUCT_NAME = "$(TARGET_NAME)";
				SWIFT_EMIT_LOC_STRINGS = YES;
				SWIFT_VERSION = 5.0;
				TARGETED_DEVICE_FAMILY = "1,2";
			};
			name = Release;
		};
/* End XCBuildConfiguration section */

/* Begin XCConfigurationList section */
		501F8BA52844601800870C29 /* Build configuration list for PBXProject "Bookjeok" */ = {
			isa = XCConfigurationList;
			buildConfigurations = (
				501F8BBC2844601800870C29 /* Debug */,
				501F8BBD2844601800870C29 /* Release */,
			);
			defaultConfigurationIsVisible = 0;
			defaultConfigurationName = Release;
		};
		501F8BBE2844601800870C29 /* Build configuration list for PBXNativeTarget "Bookjeok" */ = {
			isa = XCConfigurationList;
			buildConfigurations = (
				501F8BBF2844601800870C29 /* Debug */,
				501F8BC02844601800870C29 /* Release */,
			);
			defaultConfigurationIsVisible = 0;
			defaultConfigurationName = Release;
		};
/* End XCConfigurationList section */
	};
	rootObject = 501F8BA22844601800870C29 /* Project object */;
}
